
Microsoft Visual Studio Solution File, Format Version 12.00
# Visual Studio 15
VisualStudioVersion = 15.0.28307.572
MinimumVisualStudioVersion = 10.0.40219.1
Project("{8BC9CEB8-8B4A-11D0-8D11-00A0C91BC942}") = "sa2b-heroes-mod", "sa2b-heroes-mod\sa2b-heroes-mod.vcxproj", "{99B46B39-7994-4087-9E09-A7F0F3A307B2}"
EndProject
Global
	GlobalSection(SolutionConfigurationPlatforms) = preSolution
		Debug|x86 = Debug|x86
		Release|x86 = Release|x86
	EndGlobalSection
	GlobalSection(ProjectConfigurationPlatforms) = postSolution
		{99B46B39-7994-4087-9E09-A7F0F3A307B2}.Debug|x86.ActiveCfg = Debug|Win32
		{99B46B39-7994-4087-9E09-A7F0F3A307B2}.Debug|x86.Build.0 = Debug|Win32
		{99B46B39-7994-4087-9E09-A7F0F3A307B2}.Release|x86.ActiveCfg = Release|Win32
		{99B46B39-7994-4087-9E09-A7F0F3A307B2}.Release|x86.Build.0 = Release|Win32
	EndGlobalSection
	GlobalSection(SolutionProperties) = preSolution
		HideSolutionNode = FALSE
	EndGlobalSection
	GlobalSection(ExtensibilityGlobals) = postSolution
		SolutionGuid = {28C282EC-681B-49BE-8A40-CB6AF91CB887}
	EndGlobalSection
EndGlobal
